
Microsoft Visual Studio Solution File, Format Version 12.00
# Visual Studio Version 17
VisualStudioVersion = 17.0.31903.59
MinimumVisualStudioVersion = 10.0.40219.1
Project("{9A19103F-16F7-4668-BE54-9A1E7A4F7556}") = "ClosestPairSweep.WPF", "ClosestPairSweep.WPF\ClosestPairSweep.WPF.csproj", "{919C0E11-683A-4989-B91F-E24208DF7D9C}"
EndProject
Project("{9A19103F-16F7-4668-BE54-9A1E7A4F7556}") = "NUnitTests", "NUnitTests\NUnitTests.csproj", "{32584B31-BFA5-422A-AA91-9D4349963A20}"
EndProject
Project("{FAE04EC0-301F-11D3-BF4B-00C04F79EFBC}") = "ClosestPairSweep", "ClosestPairSweep\ClosestPairSweep.csproj", "{385AB204-5D22-422C-89D5-1011B62175E2}"
EndProject
Global
	GlobalSection(SolutionConfigurationPlatforms) = preSolution
		Debug|Any CPU = Debug|Any CPU
		Release|Any CPU = Release|Any CPU
	EndGlobalSection
	GlobalSection(ProjectConfigurationPlatforms) = postSolution
		{919C0E11-683A-4989-B91F-E24208DF7D9C}.Debug|Any CPU.ActiveCfg = Debug|Any CPU
		{919C0E11-683A-4989-B91F-E24208DF7D9C}.Debug|Any CPU.Build.0 = Debug|Any CPU
		{919C0E11-683A-4989-B91F-E24208DF7D9C}.Release|Any CPU.ActiveCfg = Release|Any CPU
		{919C0E11-683A-4989-B91F-E24208DF7D9C}.Release|Any CPU.Build.0 = Release|Any CPU
		{32584B31-BFA5-422A-AA91-9D4349963A20}.Debug|Any CPU.ActiveCfg = Debug|Any CPU
		{32584B31-BFA5-422A-AA91-9D4349963A20}.Debug|Any CPU.Build.0 = Debug|Any CPU
		{32584B31-BFA5-422A-AA91-9D4349963A20}.Release|Any CPU.ActiveCfg = Release|Any CPU
		{32584B31-BFA5-422A-AA91-9D4349963A20}.Release|Any CPU.Build.0 = Release|Any CPU
		{385AB204-5D22-422C-89D5-1011B62175E2}.Debug|Any CPU.ActiveCfg = Debug|Any CPU
		{385AB204-5D22-422C-89D5-1011B62175E2}.Debug|Any CPU.Build.0 = Debug|Any CPU
		{385AB204-5D22-422C-89D5-1011B62175E2}.Release|Any CPU.ActiveCfg = Release|Any CPU
		{385AB204-5D22-422C-89D5-1011B62175E2}.Release|Any CPU.Build.0 = Release|Any CPU
	EndGlobalSection
	GlobalSection(SolutionProperties) = preSolution
		HideSolutionNode = FALSE
	EndGlobalSection
	GlobalSection(ExtensibilityGlobals) = postSolution
		SolutionGuid = {F86296E8-D9A9-45DA-B97A-21359DEBA4A1}
	EndGlobalSection
EndGlobal
